// !$*UTF8*$!
{
	archiveVersion = 1;
	classes = {
	};
	objectVersion = 48;
	objects = {

/* Begin PBXBuildFile section */
		7EFB604B6D69D8660A8D8C5D /* Constants.swift in Sources */ = {isa = PBXBuildFile; fileRef = 7EFB62538B86130D38240305 /* Constants.swift */; };
		7EFB61480A20FA53A62F45B2 /* Assets.xcassets in Resources */ = {isa = PBXBuildFile; fileRef = 7EFB6A2A922D27F669B3BC36 /* Assets.xcassets */; };
		7EFB620CAFE894E2A269D12A /* ContactsTableViewModel.swift in Sources */ = {isa = PBXBuildFile; fileRef = 7EFB61A605ECDA5610152DCC /* ContactsTableViewModel.swift */; };
		7EFB625782A58031C6CAB0CC /* App.swift in Sources */ = {isa = PBXBuildFile; fileRef = 7EFB63929DEEE4F26625AE7F /* App.swift */; };
		7EFB62BEB2DA3F7AE5A3330A /* UITableView+Reuse.swift in Sources */ = {isa = PBXBuildFile; fileRef = 7EFB6FAEB0608DD0554BEA9C /* UITableView+Reuse.swift */; };
		7EFB64320E9BD8209BF822CD /* LaunchScreen.storyboard in Resources */ = {isa = PBXBuildFile; fileRef = 7EFB68B41052506E13C71AF1 /* LaunchScreen.storyboard */; };
		7EFB6708783883E3AB1046C4 /* UITableViewCell+ReusableCell.swift in Sources */ = {isa = PBXBuildFile; fileRef = 7EFB6841A421AE6A97EAB9FF /* UITableViewCell+ReusableCell.swift */; };
		7EFB69517CCBD85A470432CA /* String+Error.swift in Sources */ = {isa = PBXBuildFile; fileRef = 7EFB69C13DFBB1F069FD52D1 /* String+Error.swift */; };
		7EFB69E02FED5981EC600444 /* ReusableCell.swift in Sources */ = {isa = PBXBuildFile; fileRef = 7EFB6378BCC97528D2605A87 /* ReusableCell.swift */; };
		7EFB69F5838A8D487BB791CA /* ContactsTableModel.swift in Sources */ = {isa = PBXBuildFile; fileRef = 7EFB6080341E9B04C7DE3957 /* ContactsTableModel.swift */; };
		7EFB6A7389FC38EB3A253ACE /* AppDelegate.swift in Sources */ = {isa = PBXBuildFile; fileRef = 7EFB6D8FD98A61FF8C33077C /* AppDelegate.swift */; };
		7EFB6B28584C1C6B047D0A5D /* Contact.swift in Sources */ = {isa = PBXBuildFile; fileRef = 7EFB66C22FDD6F99E4E2BE2F /* Contact.swift */; };
		7EFB6DECD654803584032B17 /* ContactsTableViewController.swift in Sources */ = {isa = PBXBuildFile; fileRef = 7EFB623B64AE3D1BF03B35A5 /* ContactsTableViewController.swift */; };
		7EFB6E566C1FF929B1DEA140 /* ContactsTableViewCell.swift in Sources */ = {isa = PBXBuildFile; fileRef = 7EFB622E6F3A557637CBC4EF /* ContactsTableViewCell.swift */; };
		7EFB6EDB745AFCFC3319CE45 /* UITableViewHeaderFooterView+ReusableCell.swift in Sources */ = {isa = PBXBuildFile; fileRef = 7EFB63AD4BEEA654BFD9E498 /* UITableViewHeaderFooterView+ReusableCell.swift */; };
		7EFB6FC61D568A0F2B0B5BA8 /* ContactsHeaderViewCell.swift in Sources */ = {isa = PBXBuildFile; fileRef = 7EFB639F509CDB434CF36E10 /* ContactsHeaderViewCell.swift */; };
/* End PBXBuildFile section */

/* Begin PBXFileReference section */
		75D3EC361FBB911400EF7CE0 /* Contacts.app */ = {isa = PBXFileReference; explicitFileType = wrapper.application; includeInIndex = 0; path = Contacts.app; sourceTree = BUILT_PRODUCTS_DIR; };
		7EFB6080341E9B04C7DE3957 /* ContactsTableModel.swift */ = {isa = PBXFileReference; fileEncoding = 4; lastKnownFileType = sourcecode.swift; path = ContactsTableModel.swift; sourceTree = "<group>"; };
		7EFB61A605ECDA5610152DCC /* ContactsTableViewModel.swift */ = {isa = PBXFileReference; fileEncoding = 4; lastKnownFileType = sourcecode.swift; path = ContactsTableViewModel.swift; sourceTree = "<group>"; };
		7EFB622E6F3A557637CBC4EF /* ContactsTableViewCell.swift */ = {isa = PBXFileReference; fileEncoding = 4; lastKnownFileType = sourcecode.swift; path = ContactsTableViewCell.swift; sourceTree = "<group>"; };
		7EFB623B64AE3D1BF03B35A5 /* ContactsTableViewController.swift */ = {isa = PBXFileReference; fileEncoding = 4; lastKnownFileType = sourcecode.swift; path = ContactsTableViewController.swift; sourceTree = "<group>"; };
		7EFB62538B86130D38240305 /* Constants.swift */ = {isa = PBXFileReference; fileEncoding = 4; lastKnownFileType = sourcecode.swift; path = Constants.swift; sourceTree = "<group>"; };
		7EFB6378BCC97528D2605A87 /* ReusableCell.swift */ = {isa = PBXFileReference; fileEncoding = 4; lastKnownFileType = sourcecode.swift; path = ReusableCell.swift; sourceTree = "<group>"; };
		7EFB63929DEEE4F26625AE7F /* App.swift */ = {isa = PBXFileReference; fileEncoding = 4; lastKnownFileType = sourcecode.swift; path = App.swift; sourceTree = "<group>"; };
		7EFB639F509CDB434CF36E10 /* ContactsHeaderViewCell.swift */ = {isa = PBXFileReference; fileEncoding = 4; lastKnownFileType = sourcecode.swift; path = ContactsHeaderViewCell.swift; sourceTree = "<group>"; };
		7EFB63AD4BEEA654BFD9E498 /* UITableViewHeaderFooterView+ReusableCell.swift */ = {isa = PBXFileReference; fileEncoding = 4; lastKnownFileType = sourcecode.swift; path = "UITableViewHeaderFooterView+ReusableCell.swift"; sourceTree = "<group>"; };
		7EFB66C22FDD6F99E4E2BE2F /* Contact.swift */ = {isa = PBXFileReference; fileEncoding = 4; lastKnownFileType = sourcecode.swift; path = Contact.swift; sourceTree = "<group>"; };
		7EFB679FF6C87AE60BB912AF /* Info.plist */ = {isa = PBXFileReference; fileEncoding = 4; lastKnownFileType = text.plist.info; path = Info.plist; sourceTree = "<group>"; };
		7EFB6841A421AE6A97EAB9FF /* UITableViewCell+ReusableCell.swift */ = {isa = PBXFileReference; fileEncoding = 4; lastKnownFileType = sourcecode.swift; path = "UITableViewCell+ReusableCell.swift"; sourceTree = "<group>"; };
		7EFB69C13DFBB1F069FD52D1 /* String+Error.swift */ = {isa = PBXFileReference; fileEncoding = 4; lastKnownFileType = sourcecode.swift; path = "String+Error.swift"; sourceTree = "<group>"; };
		7EFB6A2A922D27F669B3BC36 /* Assets.xcassets */ = {isa = PBXFileReference; lastKnownFileType = folder.assetcatalog; path = Assets.xcassets; sourceTree = "<group>"; };
		7EFB6CCA35E63612427483F1 /* Base */ = {isa = PBXFileReference; lastKnownFileType = file.storyboard; name = Base; path = Contacts/Base.lproj/LaunchScreen.storyboard; sourceTree = SOURCE_ROOT; };
		7EFB6D8FD98A61FF8C33077C /* AppDelegate.swift */ = {isa = PBXFileReference; fileEncoding = 4; lastKnownFileType = sourcecode.swift; path = AppDelegate.swift; sourceTree = "<group>"; };
		7EFB6FAEB0608DD0554BEA9C /* UITableView+Reuse.swift */ = {isa = PBXFileReference; fileEncoding = 4; lastKnownFileType = sourcecode.swift; path = "UITableView+Reuse.swift"; sourceTree = "<group>"; };
/* End PBXFileReference section */

/* Begin PBXFrameworksBuildPhase section */
		75D3EC331FBB911400EF7CE0 /* Frameworks */ = {
			isa = PBXFrameworksBuildPhase;
			buildActionMask = 2147483647;
			files = (
			);
			runOnlyForDeploymentPostprocessing = 0;
		};
/* End PBXFrameworksBuildPhase section */

/* Begin PBXGroup section */
		75D3EC2D1FBB911400EF7CE0 = {
			isa = PBXGroup;
			children = (
				75D3EC381FBB911400EF7CE0 /* Contacts */,
				75D3EC371FBB911400EF7CE0 /* Products */,
			);
			sourceTree = "<group>";
		};
		75D3EC371FBB911400EF7CE0 /* Products */ = {
			isa = PBXGroup;
			children = (
				75D3EC361FBB911400EF7CE0 /* Contacts.app */,
			);
			name = Products;
			sourceTree = "<group>";
		};
		75D3EC381FBB911400EF7CE0 /* Contacts */ = {
			isa = PBXGroup;
			children = (
				7EFB6558A3CFD2316822CC55 /* Resources */,
				7EFB6601EC32C5AF2C7C5A17 /* Sources */,
			);
			path = Contacts;
			sourceTree = "<group>";
		};
		7EFB603C44F8F3D0C9C15E3A /* Contacts */ = {
			isa = PBXGroup;
			children = (
				7EFB623B64AE3D1BF03B35A5 /* ContactsTableViewController.swift */,
				7EFB6E2E8D90725FF4F95CD4 /* Cells */,
				7EFB6F6BC0B5B228CA41520F /* ViewModel */,
			);
			path = Contacts;
			sourceTree = "<group>";
		};
		7EFB62B4B0B9C77B8E8C4CE4 /* Assets */ = {
			isa = PBXGroup;
			children = (
				7EFB68B41052506E13C71AF1 /* LaunchScreen.storyboard */,
				7EFB6A2A922D27F669B3BC36 /* Assets.xcassets */,
			);
			path = Assets;
			sourceTree = "<group>";
		};
		7EFB635EC78F46958246767E /* Extensions */ = {
			isa = PBXGroup;
			children = (
				7EFB6979EDD718ACC79AF371 /* UIKit */,
				7EFB6FE8420A85956A4CB67C /* Foundation */,
			);
			path = Extensions;
			sourceTree = "<group>";
		};
		7EFB6558A3CFD2316822CC55 /* Resources */ = {
			isa = PBXGroup;
			children = (
				7EFB62B4B0B9C77B8E8C4CE4 /* Assets */,
				7EFB6F470E6AA9C03BCEC5E1 /* Config */,
			);
			path = Resources;
			sourceTree = "<group>";
		};
		7EFB6601EC32C5AF2C7C5A17 /* Sources */ = {
			isa = PBXGroup;
			children = (
				7EFB663EED86C42C59E88A73 /* App */,
				7EFB69F8F120948BE46AE53F /* ViewControllers */,
				7EFB6CDB547E2A542368A7D3 /* Common */,
				7EFB6C6B80CD180E8A7F60CA /* Model */,
			);
			path = Sources;
			sourceTree = "<group>";
		};
		7EFB663EED86C42C59E88A73 /* App */ = {
			isa = PBXGroup;
			children = (
				7EFB6D8FD98A61FF8C33077C /* AppDelegate.swift */,
				7EFB63929DEEE4F26625AE7F /* App.swift */,
			);
			path = App;
			sourceTree = "<group>";
		};
		7EFB6979EDD718ACC79AF371 /* UIKit */ = {
			isa = PBXGroup;
			children = (
				7EFB6841A421AE6A97EAB9FF /* UITableViewCell+ReusableCell.swift */,
				7EFB6FAEB0608DD0554BEA9C /* UITableView+Reuse.swift */,
				7EFB63AD4BEEA654BFD9E498 /* UITableViewHeaderFooterView+ReusableCell.swift */,
			);
			path = UIKit;
			sourceTree = "<group>";
		};
		7EFB69F8F120948BE46AE53F /* ViewControllers */ = {
			isa = PBXGroup;
			children = (
				7EFB603C44F8F3D0C9C15E3A /* Contacts */,
			);
			path = ViewControllers;
			sourceTree = "<group>";
		};
		7EFB6C6B80CD180E8A7F60CA /* Model */ = {
			isa = PBXGroup;
			children = (
				7EFB6080341E9B04C7DE3957 /* ContactsTableModel.swift */,
				7EFB66C22FDD6F99E4E2BE2F /* Contact.swift */,
			);
			path = Model;
			sourceTree = "<group>";
		};
		7EFB6CDB547E2A542368A7D3 /* Common */ = {
			isa = PBXGroup;
			children = (
				7EFB635EC78F46958246767E /* Extensions */,
				7EFB6378BCC97528D2605A87 /* ReusableCell.swift */,
			);
			path = Common;
			sourceTree = "<group>";
		};
		7EFB6E2E8D90725FF4F95CD4 /* Cells */ = {
			isa = PBXGroup;
			children = (
				7EFB622E6F3A557637CBC4EF /* ContactsTableViewCell.swift */,
				7EFB639F509CDB434CF36E10 /* ContactsHeaderViewCell.swift */,
			);
			path = Cells;
			sourceTree = "<group>";
		};
		7EFB6F470E6AA9C03BCEC5E1 /* Config */ = {
			isa = PBXGroup;
			children = (
				7EFB679FF6C87AE60BB912AF /* Info.plist */,
				7EFB62538B86130D38240305 /* Constants.swift */,
			);
			path = Config;
			sourceTree = "<group>";
		};
		7EFB6F6BC0B5B228CA41520F /* ViewModel */ = {
			isa = PBXGroup;
			children = (
				7EFB61A605ECDA5610152DCC /* ContactsTableViewModel.swift */,
			);
			path = ViewModel;
			sourceTree = "<group>";
		};
		7EFB6FE8420A85956A4CB67C /* Foundation */ = {
			isa = PBXGroup;
			children = (
				7EFB69C13DFBB1F069FD52D1 /* String+Error.swift */,
			);
			path = Foundation;
			sourceTree = "<group>";
		};
/* End PBXGroup section */

/* Begin PBXNativeTarget section */
		75D3EC351FBB911400EF7CE0 /* Contacts */ = {
			isa = PBXNativeTarget;
			buildConfigurationList = 75D3EC481FBB911400EF7CE0 /* Build configuration list for PBXNativeTarget "Contacts" */;
			buildPhases = (
				75D3EC321FBB911400EF7CE0 /* Sources */,
				75D3EC331FBB911400EF7CE0 /* Frameworks */,
				75D3EC341FBB911400EF7CE0 /* Resources */,
			);
			buildRules = (
			);
			dependencies = (
			);
			name = Contacts;
			productName = Contacts;
			productReference = 75D3EC361FBB911400EF7CE0 /* Contacts.app */;
			productType = "com.apple.product-type.application";
		};
/* End PBXNativeTarget section */

/* Begin PBXProject section */
		75D3EC2E1FBB911400EF7CE0 /* Project object */ = {
			isa = PBXProject;
			attributes = {
				LastSwiftUpdateCheck = 0920;
				LastUpgradeCheck = 0920;
				ORGANIZATIONNAME = "Ivan Magda";
				TargetAttributes = {
					75D3EC351FBB911400EF7CE0 = {
						CreatedOnToolsVersion = 9.2;
						ProvisioningStyle = Automatic;
					};
				};
			};
			buildConfigurationList = 75D3EC311FBB911400EF7CE0 /* Build configuration list for PBXProject "Contacts" */;
			compatibilityVersion = "Xcode 8.0";
			developmentRegion = en;
			hasScannedForEncodings = 0;
			knownRegions = (
				en,
				Base,
			);
			mainGroup = 75D3EC2D1FBB911400EF7CE0;
			productRefGroup = 75D3EC371FBB911400EF7CE0 /* Products */;
			projectDirPath = "";
			projectRoot = "";
			targets = (
				75D3EC351FBB911400EF7CE0 /* Contacts */,
			);
		};
/* End PBXProject section */

/* Begin PBXResourcesBuildPhase section */
		75D3EC341FBB911400EF7CE0 /* Resources */ = {
			isa = PBXResourcesBuildPhase;
			buildActionMask = 2147483647;
			files = (
				7EFB64320E9BD8209BF822CD /* LaunchScreen.storyboard in Resources */,
				7EFB61480A20FA53A62F45B2 /* Assets.xcassets in Resources */,
			);
			runOnlyForDeploymentPostprocessing = 0;
		};
/* End PBXResourcesBuildPhase section */

/* Begin PBXSourcesBuildPhase section */
		75D3EC321FBB911400EF7CE0 /* Sources */ = {
			isa = PBXSourcesBuildPhase;
			buildActionMask = 2147483647;
			files = (
				7EFB6A7389FC38EB3A253ACE /* AppDelegate.swift in Sources */,
				7EFB625782A58031C6CAB0CC /* App.swift in Sources */,
				7EFB604B6D69D8660A8D8C5D /* Constants.swift in Sources */,
				7EFB6DECD654803584032B17 /* ContactsTableViewController.swift in Sources */,
				7EFB6E566C1FF929B1DEA140 /* ContactsTableViewCell.swift in Sources */,
				7EFB6708783883E3AB1046C4 /* UITableViewCell+ReusableCell.swift in Sources */,
				7EFB62BEB2DA3F7AE5A3330A /* UITableView+Reuse.swift in Sources */,
				7EFB6EDB745AFCFC3319CE45 /* UITableViewHeaderFooterView+ReusableCell.swift in Sources */,
				7EFB69E02FED5981EC600444 /* ReusableCell.swift in Sources */,
				7EFB6FC61D568A0F2B0B5BA8 /* ContactsHeaderViewCell.swift in Sources */,
				7EFB69F5838A8D487BB791CA /* ContactsTableModel.swift in Sources */,
				7EFB620CAFE894E2A269D12A /* ContactsTableViewModel.swift in Sources */,
				7EFB69517CCBD85A470432CA /* String+Error.swift in Sources */,
				7EFB6B28584C1C6B047D0A5D /* Contact.swift in Sources */,
			);
			runOnlyForDeploymentPostprocessing = 0;
		};
/* End PBXSourcesBuildPhase section */

/* Begin PBXVariantGroup section */
		7EFB68B41052506E13C71AF1 /* LaunchScreen.storyboard */ = {
			isa = PBXVariantGroup;
			children = (
				7EFB6CCA35E63612427483F1 /* Base */,
			);
			name = LaunchScreen.storyboard;
			sourceTree = "<group>";
		};
/* End PBXVariantGroup section */

/* Begin XCBuildConfiguration section */
		75D3EC461FBB911400EF7CE0 /* Debug */ = {
			isa = XCBuildConfiguration;
			buildSettings = {
				ALWAYS_SEARCH_USER_PATHS = NO;
				CLANG_ANALYZER_NONNULL = YES;
				CLANG_ANALYZER_NUMBER_OBJECT_CONVERSION = YES_AGGRESSIVE;
				CLANG_CXX_LANGUAGE_STANDARD = "gnu++14";
				CLANG_CXX_LIBRARY = "libc++";
				CLANG_ENABLE_MODULES = YES;
				CLANG_ENABLE_OBJC_ARC = YES;
				CLANG_WARN_BLOCK_CAPTURE_AUTORELEASING = YES;
				CLANG_WARN_BOOL_CONVERSION = YES;
				CLANG_WARN_COMMA = YES;
				CLANG_WARN_CONSTANT_CONVERSION = YES;
				CLANG_WARN_DIRECT_OBJC_ISA_USAGE = YES_ERROR;
				CLANG_WARN_DOCUMENTATION_COMMENTS = YES;
				CLANG_WARN_EMPTY_BODY = YES;
				CLANG_WARN_ENUM_CONVERSION = YES;
				CLANG_WARN_INFINITE_RECURSION = YES;
				CLANG_WARN_INT_CONVERSION = YES;
				CLANG_WARN_NON_LITERAL_NULL_CONVERSION = YES;
				CLANG_WARN_OBJC_LITERAL_CONVERSION = YES;
				CLANG_WARN_OBJC_ROOT_CLASS = YES_ERROR;
				CLANG_WARN_RANGE_LOOP_ANALYSIS = YES;
				CLANG_WARN_STRICT_PROTOTYPES = YES;
				CLANG_WARN_SUSPICIOUS_MOVE = YES;
				CLANG_WARN_UNGUARDED_AVAILABILITY = YES_AGGRESSIVE;
				CLANG_WARN_UNREACHABLE_CODE = YES;
				CLANG_WARN__DUPLICATE_METHOD_MATCH = YES;
				CODE_SIGN_IDENTITY = "iPhone Developer";
				COPY_PHASE_STRIP = NO;
				DEBUG_INFORMATION_FORMAT = dwarf;
				ENABLE_STRICT_OBJC_MSGSEND = YES;
				ENABLE_TESTABILITY = YES;
				GCC_C_LANGUAGE_STANDARD = gnu11;
				GCC_DYNAMIC_NO_PIC = NO;
				GCC_NO_COMMON_BLOCKS = YES;
				GCC_OPTIMIZATION_LEVEL = 0;
				GCC_PREPROCESSOR_DEFINITIONS = (
					"DEBUG=1",
					"$(inherited)",
				);
				GCC_WARN_64_TO_32_BIT_CONVERSION = YES;
				GCC_WARN_ABOUT_RETURN_TYPE = YES_ERROR;
				GCC_WARN_UNDECLARED_SELECTOR = YES;
				GCC_WARN_UNINITIALIZED_AUTOS = YES_AGGRESSIVE;
				GCC_WARN_UNUSED_FUNCTION = YES;
				GCC_WARN_UNUSED_VARIABLE = YES;
				IPHONEOS_DEPLOYMENT_TARGET = 11.2;
				MTL_ENABLE_DEBUG_INFO = YES;
				ONLY_ACTIVE_ARCH = YES;
				SDKROOT = iphoneos;
				SWIFT_ACTIVE_COMPILATION_CONDITIONS = DEBUG;
				SWIFT_OPTIMIZATION_LEVEL = "-Onone";
			};
			name = Debug;
		};
		75D3EC471FBB911400EF7CE0 /* Release */ = {
			isa = XCBuildConfiguration;
			buildSettings = {
				ALWAYS_SEARCH_USER_PATHS = NO;
				CLANG_ANALYZER_NONNULL = YES;
				CLANG_ANALYZER_NUMBER_OBJECT_CONVERSION = YES_AGGRESSIVE;
				CLANG_CXX_LANGUAGE_STANDARD = "gnu++14";
				CLANG_CXX_LIBRARY = "libc++";
				CLANG_ENABLE_MODULES = YES;
				CLANG_ENABLE_OBJC_ARC = YES;
				CLANG_WARN_BLOCK_CAPTURE_AUTORELEASING = YES;
				CLANG_WARN_BOOL_CONVERSION = YES;
				CLANG_WARN_COMMA = YES;
				CLANG_WARN_CONSTANT_CONVERSION = YES;
				CLANG_WARN_DIRECT_OBJC_ISA_USAGE = YES_ERROR;
				CLANG_WARN_DOCUMENTATION_COMMENTS = YES;
				CLANG_WARN_EMPTY_BODY = YES;
				CLANG_WARN_ENUM_CONVERSION = YES;
				CLANG_WARN_INFINITE_RECURSION = YES;
				CLANG_WARN_INT_CONVERSION = YES;
				CLANG_WARN_NON_LITERAL_NULL_CONVERSION = YES;
				CLANG_WARN_OBJC_LITERAL_CONVERSION = YES;
				CLANG_WARN_OBJC_ROOT_CLASS = YES_ERROR;
				CLANG_WARN_RANGE_LOOP_ANALYSIS = YES;
				CLANG_WARN_STRICT_PROTOTYPES = YES;
				CLANG_WARN_SUSPICIOUS_MOVE = YES;
				CLANG_WARN_UNGUARDED_AVAILABILITY = YES_AGGRESSIVE;
				CLANG_WARN_UNREACHABLE_CODE = YES;
				CLANG_WARN__DUPLICATE_METHOD_MATCH = YES;
				CODE_SIGN_IDENTITY = "iPhone Developer";
				COPY_PHASE_STRIP = NO;
				DEBUG_INFORMATION_FORMAT = "dwarf-with-dsym";
				ENABLE_NS_ASSERTIONS = NO;
				ENABLE_STRICT_OBJC_MSGSEND = YES;
				GCC_C_LANGUAGE_STANDARD = gnu11;
				GCC_NO_COMMON_BLOCKS = YES;
				GCC_WARN_64_TO_32_BIT_CONVERSION = YES;
				GCC_WARN_ABOUT_RETURN_TYPE = YES_ERROR;
				GCC_WARN_UNDECLARED_SELECTOR = YES;
				GCC_WARN_UNINITIALIZED_AUTOS = YES_AGGRESSIVE;
				GCC_WARN_UNUSED_FUNCTION = YES;
				GCC_WARN_UNUSED_VARIABLE = YES;
				IPHONEOS_DEPLOYMENT_TARGET = 11.2;
				MTL_ENABLE_DEBUG_INFO = NO;
				SDKROOT = iphoneos;
				SWIFT_OPTIMIZATION_LEVEL = "-Owholemodule";
				VALIDATE_PRODUCT = YES;
			};
			name = Release;
		};
		75D3EC491FBB911400EF7CE0 /* Debug */ = {
			isa = XCBuildConfiguration;
			buildSettings = {
				ASSETCATALOG_COMPILER_APPICON_NAME = AppIcon;
				CODE_SIGN_STYLE = Automatic;
				DEVELOPMENT_TEAM = 6UNHY8UY6E;
				INFOPLIST_FILE = "$(SRCROOT)/Contacts/Resources/Config/Info.plist";
				IPHONEOS_DEPLOYMENT_TARGET = 11.0;
				LD_RUNPATH_SEARCH_PATHS = "$(inherited) @executable_path/Frameworks";
				PRODUCT_BUNDLE_IDENTIFIER = com.ivanmagda.Contacts;
				PRODUCT_NAME = "$(TARGET_NAME)";
				SWIFT_VERSION = 4.0;
				TARGETED_DEVICE_FAMILY = "1,2";
			};
			name = Debug;
		};
		75D3EC4A1FBB911400EF7CE0 /* Release */ = {
			isa = XCBuildConfiguration;
			buildSettings = {
				ASSETCATALOG_COMPILER_APPICON_NAME = AppIcon;
				CODE_SIGN_STYLE = Automatic;
				DEVELOPMENT_TEAM = 6UNHY8UY6E;
				INFOPLIST_FILE = "$(SRCROOT)/Contacts/Resources/Config/Info.plist";
				IPHONEOS_DEPLOYMENT_TARGET = 11.0;
				LD_RUNPATH_SEARCH_PATHS = "$(inherited) @executable_path/Frameworks";
				PRODUCT_BUNDLE_IDENTIFIER = com.ivanmagda.Contacts;
				PRODUCT_NAME = "$(TARGET_NAME)";
				SWIFT_VERSION = 4.0;
				TARGETED_DEVICE_FAMILY = "1,2";
			};
			name = Release;
		};
/* End XCBuildConfiguration section */

/* Begin XCConfigurationList section */
		75D3EC311FBB911400EF7CE0 /* Build configuration list for PBXProject "Contacts" */ = {
			isa = XCConfigurationList;
			buildConfigurations = (
				75D3EC461FBB911400EF7CE0 /* Debug */,
				75D3EC471FBB911400EF7CE0 /* Release */,
			);
			defaultConfigurationIsVisible = 0;
			defaultConfigurationName = Release;
		};
		75D3EC481FBB911400EF7CE0 /* Build configuration list for PBXNativeTarget "Contacts" */ = {
			isa = XCConfigurationList;
			buildConfigurations = (
				75D3EC491FBB911400EF7CE0 /* Debug */,
				75D3EC4A1FBB911400EF7CE0 /* Release */,
			);
			defaultConfigurationIsVisible = 0;
			defaultConfigurationName = Release;
		};
/* End XCConfigurationList section */
	};
	rootObject = 75D3EC2E1FBB911400EF7CE0 /* Project object */;
}
