// !$*UTF8*$!
{
	archiveVersion = 1;
	classes = {
	};
	objectVersion = 48;
	objects = {

/* Begin PBXBuildFile section */
		7538EF29206A27ED00CA06F6 /* AppDelegate.swift in Sources */ = {isa = PBXBuildFile; fileRef = 7538EF28206A27ED00CA06F6 /* AppDelegate.swift */; };
		7538EF2B206A27ED00CA06F6 /* ViewController.swift in Sources */ = {isa = PBXBuildFile; fileRef = 7538EF2A206A27ED00CA06F6 /* ViewController.swift */; };
		7538EF2E206A27ED00CA06F6 /* Main.storyboard in Resources */ = {isa = PBXBuildFile; fileRef = 7538EF2C206A27ED00CA06F6 /* Main.storyboard */; };
		7538EF30206A27ED00CA06F6 /* Assets.xcassets in Resources */ = {isa = PBXBuildFile; fileRef = 7538EF2F206A27ED00CA06F6 /* Assets.xcassets */; };
		7538EF33206A27ED00CA06F6 /* LaunchScreen.storyboard in Resources */ = {isa = PBXBuildFile; fileRef = 7538EF31206A27ED00CA06F6 /* LaunchScreen.storyboard */; };
/* End PBXBuildFile section */

/* Begin PBXFileReference section */
		7538EF25206A27ED00CA06F6 /* PanGestureRecognizer.app */ = {isa = PBXFileReference; explicitFileType = wrapper.application; includeInIndex = 0; path = PanGestureRecognizer.app; sourceTree = BUILT_PRODUCTS_DIR; };
		7538EF28206A27ED00CA06F6 /* AppDelegate.swift */ = {isa = PBXFileReference; lastKnownFileType = sourcecode.swift; path = AppDelegate.swift; sourceTree = "<group>"; };
		7538EF2A206A27ED00CA06F6 /* ViewController.swift */ = {isa = PBXFileReference; lastKnownFileType = sourcecode.swift; path = ViewController.swift; sourceTree = "<group>"; };
		7538EF2D206A27ED00CA06F6 /* Base */ = {isa = PBXFileReference; lastKnownFileType = file.storyboard; name = Base; path = Base.lproj/Main.storyboard; sourceTree = "<group>"; };
		7538EF2F206A27ED00CA06F6 /* Assets.xcassets */ = {isa = PBXFileReference; lastKnownFileType = folder.assetcatalog; path = Assets.xcassets; sourceTree = "<group>"; };
		7538EF32206A27ED00CA06F6 /* Base */ = {isa = PBXFileReference; lastKnownFileType = file.storyboard; name = Base; path = Base.lproj/LaunchScreen.storyboard; sourceTree = "<group>"; };
		7538EF34206A27ED00CA06F6 /* Info.plist */ = {isa = PBXFileReference; lastKnownFileType = text.plist.xml; path = Info.plist; sourceTree = "<group>"; };
/* End PBXFileReference section */

/* Begin PBXFrameworksBuildPhase section */
		7538EF22206A27ED00CA06F6 /* Frameworks */ = {
			isa = PBXFrameworksBuildPhase;
			buildActionMask = 2147483647;
			files = (
			);
			runOnlyForDeploymentPostprocessing = 0;
		};
/* End PBXFrameworksBuildPhase section */

/* Begin PBXGroup section */
		7538EF1C206A27ED00CA06F6 = {
			isa = PBXGroup;
			children = (
				7538EF27206A27ED00CA06F6 /* PanGestureRecognizer */,
				7538EF26206A27ED00CA06F6 /* Products */,
			);
			sourceTree = "<group>";
		};
		7538EF26206A27ED00CA06F6 /* Products */ = {
			isa = PBXGroup;
			children = (
				7538EF25206A27ED00CA06F6 /* PanGestureRecognizer.app */,
			);
			name = Products;
			sourceTree = "<group>";
		};
		7538EF27206A27ED00CA06F6 /* PanGestureRecognizer */ = {
			isa = PBXGroup;
			children = (
				7538EF3B206A2ABC00CA06F6 /* Resources */,
				7538EF3A206A2AB600CA06F6 /* Sources */,
			);
			path = PanGestureRecognizer;
			sourceTree = "<group>";
		};
		7538EF3A206A2AB600CA06F6 /* Sources */ = {
			isa = PBXGroup;
			children = (
				7538EF3C206A2AD000CA06F6 /* ViewControllers */,
				7538EF28206A27ED00CA06F6 /* AppDelegate.swift */,
			);
			path = Sources;
			sourceTree = "<group>";
		};
		7538EF3B206A2ABC00CA06F6 /* Resources */ = {
			isa = PBXGroup;
			children = (
				7538EF3D206A2AF200CA06F6 /* Assets */,
				7538EF3E206A2AF800CA06F6 /* Storyboards */,
				7538EF3F206A2B0700CA06F6 /* Config */,
			);
			path = Resources;
			sourceTree = "<group>";
		};
		7538EF3C206A2AD000CA06F6 /* ViewControllers */ = {
			isa = PBXGroup;
			children = (
				7538EF2A206A27ED00CA06F6 /* ViewController.swift */,
			);
			path = ViewControllers;
			sourceTree = "<group>";
		};
		7538EF3D206A2AF200CA06F6 /* Assets */ = {
			isa = PBXGroup;
			children = (
				7538EF2F206A27ED00CA06F6 /* Assets.xcassets */,
			);
			path = Assets;
			sourceTree = "<group>";
		};
		7538EF3E206A2AF800CA06F6 /* Storyboards */ = {
			isa = PBXGroup;
			children = (
				7538EF2C206A27ED00CA06F6 /* Main.storyboard */,
				7538EF31206A27ED00CA06F6 /* LaunchScreen.storyboard */,
			);
			path = Storyboards;
			sourceTree = "<group>";
		};
		7538EF3F206A2B0700CA06F6 /* Config */ = {
			isa = PBXGroup;
			children = (
				7538EF34206A27ED00CA06F6 /* Info.plist */,
			);
			path = Config;
			sourceTree = "<group>";
		};
/* End PBXGroup section */

/* Begin PBXNativeTarget section */
		7538EF24206A27ED00CA06F6 /* PanGestureRecognizer */ = {
			isa = PBXNativeTarget;
			buildConfigurationList = 7538EF37206A27ED00CA06F6 /* Build configuration list for PBXNativeTarget "PanGestureRecognizer" */;
			buildPhases = (
				7538EF21206A27ED00CA06F6 /* Sources */,
				7538EF22206A27ED00CA06F6 /* Frameworks */,
				7538EF23206A27ED00CA06F6 /* Resources */,
			);
			buildRules = (
			);
			dependencies = (
			);
			name = PanGestureRecognizer;
			productName = PanGestureRecognizer;
			productReference = 7538EF25206A27ED00CA06F6 /* PanGestureRecognizer.app */;
			productType = "com.apple.product-type.application";
		};
/* End PBXNativeTarget section */

/* Begin PBXProject section */
		7538EF1D206A27ED00CA06F6 /* Project object */ = {
			isa = PBXProject;
			attributes = {
				LastSwiftUpdateCheck = 0920;
				LastUpgradeCheck = 0920;
				ORGANIZATIONNAME = "Ivan Magda";
				TargetAttributes = {
					7538EF24206A27ED00CA06F6 = {
						CreatedOnToolsVersion = 9.2;
						ProvisioningStyle = Automatic;
					};
				};
			};
			buildConfigurationList = 7538EF20206A27ED00CA06F6 /* Build configuration list for PBXProject "PanGestureRecognizer" */;
			compatibilityVersion = "Xcode 8.0";
			developmentRegion = en;
			hasScannedForEncodings = 0;
			knownRegions = (
				en,
				Base,
			);
			mainGroup = 7538EF1C206A27ED00CA06F6;
			productRefGroup = 7538EF26206A27ED00CA06F6 /* Products */;
			projectDirPath = "";
			projectRoot = "";
			targets = (
				7538EF24206A27ED00CA06F6 /* PanGestureRecognizer */,
			);
		};
/* End PBXProject section */

/* Begin PBXResourcesBuildPhase section */
		7538EF23206A27ED00CA06F6 /* Resources */ = {
			isa = PBXResourcesBuildPhase;
			buildActionMask = 2147483647;
			files = (
				7538EF33206A27ED00CA06F6 /* LaunchScreen.storyboard in Resources */,
				7538EF30206A27ED00CA06F6 /* Assets.xcassets in Resources */,
				7538EF2E206A27ED00CA06F6 /* Main.storyboard in Resources */,
			);
			runOnlyForDeploymentPostprocessing = 0;
		};
/* End PBXResourcesBuildPhase section */

/* Begin PBXSourcesBuildPhase section */
		7538EF21206A27ED00CA06F6 /* Sources */ = {
			isa = PBXSourcesBuildPhase;
			buildActionMask = 2147483647;
			files = (
				7538EF2B206A27ED00CA06F6 /* ViewController.swift in Sources */,
				7538EF29206A27ED00CA06F6 /* AppDelegate.swift in Sources */,
			);
			runOnlyForDeploymentPostprocessing = 0;
		};
/* End PBXSourcesBuildPhase section */

/* Begin PBXVariantGroup section */
		7538EF2C206A27ED00CA06F6 /* Main.storyboard */ = {
			isa = PBXVariantGroup;
			children = (
				7538EF2D206A27ED00CA06F6 /* Base */,
			);
			name = Main.storyboard;
			sourceTree = "<group>";
		};
		7538EF31206A27ED00CA06F6 /* LaunchScreen.storyboard */ = {
			isa = PBXVariantGroup;
			children = (
				7538EF32206A27ED00CA06F6 /* Base */,
			);
			name = LaunchScreen.storyboard;
			sourceTree = "<group>";
		};
/* End PBXVariantGroup section */

/* Begin XCBuildConfiguration section */
		7538EF35206A27ED00CA06F6 /* Debug */ = {
			isa = XCBuildConfiguration;
			buildSettings = {
				ALWAYS_SEARCH_USER_PATHS = NO;
				CLANG_ANALYZER_NONNULL = YES;
				CLANG_ANALYZER_NUMBER_OBJECT_CONVERSION = YES_AGGRESSIVE;
				CLANG_CXX_LANGUAGE_STANDARD = "gnu++14";
				CLANG_CXX_LIBRARY = "libc++";
				CLANG_ENABLE_MODULES = YES;
				CLANG_ENABLE_OBJC_ARC = YES;
				CLANG_WARN_BLOCK_CAPTURE_AUTORELEASING = YES;
				CLANG_WARN_BOOL_CONVERSION = YES;
				CLANG_WARN_COMMA = YES;
				CLANG_WARN_CONSTANT_CONVERSION = YES;
				CLANG_WARN_DIRECT_OBJC_ISA_USAGE = YES_ERROR;
				CLANG_WARN_DOCUMENTATION_COMMENTS = YES;
				CLANG_WARN_EMPTY_BODY = YES;
				CLANG_WARN_ENUM_CONVERSION = YES;
				CLANG_WARN_INFINITE_RECURSION = YES;
				CLANG_WARN_INT_CONVERSION = YES;
				CLANG_WARN_NON_LITERAL_NULL_CONVERSION = YES;
				CLANG_WARN_OBJC_LITERAL_CONVERSION = YES;
				CLANG_WARN_OBJC_ROOT_CLASS = YES_ERROR;
				CLANG_WARN_RANGE_LOOP_ANALYSIS = YES;
				CLANG_WARN_STRICT_PROTOTYPES = YES;
				CLANG_WARN_SUSPICIOUS_MOVE = YES;
				CLANG_WARN_UNGUARDED_AVAILABILITY = YES_AGGRESSIVE;
				CLANG_WARN_UNREACHABLE_CODE = YES;
				CLANG_WARN__DUPLICATE_METHOD_MATCH = YES;
				CODE_SIGN_IDENTITY = "iPhone Developer";
				COPY_PHASE_STRIP = NO;
				DEBUG_INFORMATION_FORMAT = dwarf;
				ENABLE_STRICT_OBJC_MSGSEND = YES;
				ENABLE_TESTABILITY = YES;
				GCC_C_LANGUAGE_STANDARD = gnu11;
				GCC_DYNAMIC_NO_PIC = NO;
				GCC_NO_COMMON_BLOCKS = YES;
				GCC_OPTIMIZATION_LEVEL = 0;
				GCC_PREPROCESSOR_DEFINITIONS = (
					"DEBUG=1",
					"$(inherited)",
				);
				GCC_WARN_64_TO_32_BIT_CONVERSION = YES;
				GCC_WARN_ABOUT_RETURN_TYPE = YES_ERROR;
				GCC_WARN_UNDECLARED_SELECTOR = YES;
				GCC_WARN_UNINITIALIZED_AUTOS = YES_AGGRESSIVE;
				GCC_WARN_UNUSED_FUNCTION = YES;
				GCC_WARN_UNUSED_VARIABLE = YES;
				IPHONEOS_DEPLOYMENT_TARGET = 11.2;
				MTL_ENABLE_DEBUG_INFO = YES;
				ONLY_ACTIVE_ARCH = YES;
				SDKROOT = iphoneos;
				SWIFT_ACTIVE_COMPILATION_CONDITIONS = DEBUG;
				SWIFT_OPTIMIZATION_LEVEL = "-Onone";
			};
			name = Debug;
		};
		7538EF36206A27ED00CA06F6 /* Release */ = {
			isa = XCBuildConfiguration;
			buildSettings = {
				ALWAYS_SEARCH_USER_PATHS = NO;
				CLANG_ANALYZER_NONNULL = YES;
				CLANG_ANALYZER_NUMBER_OBJECT_CONVERSION = YES_AGGRESSIVE;
				CLANG_CXX_LANGUAGE_STANDARD = "gnu++14";
				CLANG_CXX_LIBRARY = "libc++";
				CLANG_ENABLE_MODULES = YES;
				CLANG_ENABLE_OBJC_ARC = YES;
				CLANG_WARN_BLOCK_CAPTURE_AUTORELEASING = YES;
				CLANG_WARN_BOOL_CONVERSION = YES;
				CLANG_WARN_COMMA = YES;
				CLANG_WARN_CONSTANT_CONVERSION = YES;
				CLANG_WARN_DIRECT_OBJC_ISA_USAGE = YES_ERROR;
				CLANG_WARN_DOCUMENTATION_COMMENTS = YES;
				CLANG_WARN_EMPTY_BODY = YES;
				CLANG_WARN_ENUM_CONVERSION = YES;
				CLANG_WARN_INFINITE_RECURSION = YES;
				CLANG_WARN_INT_CONVERSION = YES;
				CLANG_WARN_NON_LITERAL_NULL_CONVERSION = YES;
				CLANG_WARN_OBJC_LITERAL_CONVERSION = YES;
				CLANG_WARN_OBJC_ROOT_CLASS = YES_ERROR;
				CLANG_WARN_RANGE_LOOP_ANALYSIS = YES;
				CLANG_WARN_STRICT_PROTOTYPES = YES;
				CLANG_WARN_SUSPICIOUS_MOVE = YES;
				CLANG_WARN_UNGUARDED_AVAILABILITY = YES_AGGRESSIVE;
				CLANG_WARN_UNREACHABLE_CODE = YES;
				CLANG_WARN__DUPLICATE_METHOD_MATCH = YES;
				CODE_SIGN_IDENTITY = "iPhone Developer";
				COPY_PHASE_STRIP = NO;
				DEBUG_INFORMATION_FORMAT = "dwarf-with-dsym";
				ENABLE_NS_ASSERTIONS = NO;
				ENABLE_STRICT_OBJC_MSGSEND = YES;
				GCC_C_LANGUAGE_STANDARD = gnu11;
				GCC_NO_COMMON_BLOCKS = YES;
				GCC_WARN_64_TO_32_BIT_CONVERSION = YES;
				GCC_WARN_ABOUT_RETURN_TYPE = YES_ERROR;
				GCC_WARN_UNDECLARED_SELECTOR = YES;
				GCC_WARN_UNINITIALIZED_AUTOS = YES_AGGRESSIVE;
				GCC_WARN_UNUSED_FUNCTION = YES;
				GCC_WARN_UNUSED_VARIABLE = YES;
				IPHONEOS_DEPLOYMENT_TARGET = 11.2;
				MTL_ENABLE_DEBUG_INFO = NO;
				SDKROOT = iphoneos;
				SWIFT_OPTIMIZATION_LEVEL = "-Owholemodule";
				VALIDATE_PRODUCT = YES;
			};
			name = Release;
		};
		7538EF38206A27ED00CA06F6 /* Debug */ = {
			isa = XCBuildConfiguration;
			buildSettings = {
				ASSETCATALOG_COMPILER_APPICON_NAME = AppIcon;
				CODE_SIGN_STYLE = Automatic;
				DEVELOPMENT_TEAM = 6UNHY8UY6E;
				INFOPLIST_FILE = "$(SRCROOT)/PanGestureRecognizer/Resources/Config/Info.plist";
				LD_RUNPATH_SEARCH_PATHS = "$(inherited) @executable_path/Frameworks";
				PRODUCT_BUNDLE_IDENTIFIER = com.ivanmagda.PanGestureRecognizer;
				PRODUCT_NAME = "$(TARGET_NAME)";
				SWIFT_VERSION = 4.0;
				TARGETED_DEVICE_FAMILY = "1,2";
			};
			name = Debug;
		};
		7538EF39206A27ED00CA06F6 /* Release */ = {
			isa = XCBuildConfiguration;
			buildSettings = {
				ASSETCATALOG_COMPILER_APPICON_NAME = AppIcon;
				CODE_SIGN_STYLE = Automatic;
				DEVELOPMENT_TEAM = 6UNHY8UY6E;
				INFOPLIST_FILE = "$(SRCROOT)/PanGestureRecognizer/Resources/Config/Info.plist";
				LD_RUNPATH_SEARCH_PATHS = "$(inherited) @executable_path/Frameworks";
				PRODUCT_BUNDLE_IDENTIFIER = com.ivanmagda.PanGestureRecognizer;
				PRODUCT_NAME = "$(TARGET_NAME)";
				SWIFT_VERSION = 4.0;
				TARGETED_DEVICE_FAMILY = "1,2";
			};
			name = Release;
		};
/* End XCBuildConfiguration section */

/* Begin XCConfigurationList section */
		7538EF20206A27ED00CA06F6 /* Build configuration list for PBXProject "PanGestureRecognizer" */ = {
			isa = XCConfigurationList;
			buildConfigurations = (
				7538EF35206A27ED00CA06F6 /* Debug */,
				7538EF36206A27ED00CA06F6 /* Release */,
			);
			defaultConfigurationIsVisible = 0;
			defaultConfigurationName = Release;
		};
		7538EF37206A27ED00CA06F6 /* Build configuration list for PBXNativeTarget "PanGestureRecognizer" */ = {
			isa = XCConfigurationList;
			buildConfigurations = (
				7538EF38206A27ED00CA06F6 /* Debug */,
				7538EF39206A27ED00CA06F6 /* Release */,
			);
			defaultConfigurationIsVisible = 0;
			defaultConfigurationName = Release;
		};
/* End XCConfigurationList section */
	};
	rootObject = 7538EF1D206A27ED00CA06F6 /* Project object */;
}
