// !$*UTF8*$!
{
	archiveVersion = 1;
	classes = {
	};
	objectVersion = 48;
	objects = {

/* Begin PBXBuildFile section */
		754F52512069A41900DCEF5C /* AppDelegate.swift in Sources */ = {isa = PBXBuildFile; fileRef = 754F52502069A41900DCEF5C /* AppDelegate.swift */; };
		754F52532069A41900DCEF5C /* ViewController.swift in Sources */ = {isa = PBXBuildFile; fileRef = 754F52522069A41900DCEF5C /* ViewController.swift */; };
		754F52562069A41900DCEF5C /* Main.storyboard in Resources */ = {isa = PBXBuildFile; fileRef = 754F52542069A41900DCEF5C /* Main.storyboard */; };
		754F52582069A41900DCEF5C /* Assets.xcassets in Resources */ = {isa = PBXBuildFile; fileRef = 754F52572069A41900DCEF5C /* Assets.xcassets */; };
		754F525B2069A41900DCEF5C /* LaunchScreen.storyboard in Resources */ = {isa = PBXBuildFile; fileRef = 754F52592069A41900DCEF5C /* LaunchScreen.storyboard */; };
		754F52632069A43700DCEF5C /* UIView+Gradient.swift in Sources */ = {isa = PBXBuildFile; fileRef = 754F52622069A43700DCEF5C /* UIView+Gradient.swift */; };
/* End PBXBuildFile section */

/* Begin PBXFileReference section */
		754F524D2069A41900DCEF5C /* Gradient.app */ = {isa = PBXFileReference; explicitFileType = wrapper.application; includeInIndex = 0; path = Gradient.app; sourceTree = BUILT_PRODUCTS_DIR; };
		754F52502069A41900DCEF5C /* AppDelegate.swift */ = {isa = PBXFileReference; lastKnownFileType = sourcecode.swift; path = AppDelegate.swift; sourceTree = "<group>"; };
		754F52522069A41900DCEF5C /* ViewController.swift */ = {isa = PBXFileReference; lastKnownFileType = sourcecode.swift; path = ViewController.swift; sourceTree = "<group>"; };
		754F52552069A41900DCEF5C /* Base */ = {isa = PBXFileReference; lastKnownFileType = file.storyboard; name = Base; path = Base.lproj/Main.storyboard; sourceTree = "<group>"; };
		754F52572069A41900DCEF5C /* Assets.xcassets */ = {isa = PBXFileReference; lastKnownFileType = folder.assetcatalog; path = Assets.xcassets; sourceTree = "<group>"; };
		754F525A2069A41900DCEF5C /* Base */ = {isa = PBXFileReference; lastKnownFileType = file.storyboard; name = Base; path = Base.lproj/LaunchScreen.storyboard; sourceTree = "<group>"; };
		754F525C2069A41900DCEF5C /* Info.plist */ = {isa = PBXFileReference; lastKnownFileType = text.plist.xml; path = Info.plist; sourceTree = "<group>"; };
		754F52622069A43700DCEF5C /* UIView+Gradient.swift */ = {isa = PBXFileReference; lastKnownFileType = sourcecode.swift; path = "UIView+Gradient.swift"; sourceTree = "<group>"; };
/* End PBXFileReference section */

/* Begin PBXFrameworksBuildPhase section */
		754F524A2069A41900DCEF5C /* Frameworks */ = {
			isa = PBXFrameworksBuildPhase;
			buildActionMask = 2147483647;
			files = (
			);
			runOnlyForDeploymentPostprocessing = 0;
		};
/* End PBXFrameworksBuildPhase section */

/* Begin PBXGroup section */
		754F52442069A41900DCEF5C = {
			isa = PBXGroup;
			children = (
				754F524F2069A41900DCEF5C /* Gradient */,
				754F524E2069A41900DCEF5C /* Products */,
			);
			sourceTree = "<group>";
		};
		754F524E2069A41900DCEF5C /* Products */ = {
			isa = PBXGroup;
			children = (
				754F524D2069A41900DCEF5C /* Gradient.app */,
			);
			name = Products;
			sourceTree = "<group>";
		};
		754F524F2069A41900DCEF5C /* Gradient */ = {
			isa = PBXGroup;
			children = (
				754F52502069A41900DCEF5C /* AppDelegate.swift */,
				754F52522069A41900DCEF5C /* ViewController.swift */,
				754F52622069A43700DCEF5C /* UIView+Gradient.swift */,
				754F52542069A41900DCEF5C /* Main.storyboard */,
				754F52572069A41900DCEF5C /* Assets.xcassets */,
				754F52592069A41900DCEF5C /* LaunchScreen.storyboard */,
				754F525C2069A41900DCEF5C /* Info.plist */,
			);
			path = Gradient;
			sourceTree = "<group>";
		};
/* End PBXGroup section */

/* Begin PBXNativeTarget section */
		754F524C2069A41900DCEF5C /* Gradient */ = {
			isa = PBXNativeTarget;
			buildConfigurationList = 754F525F2069A41900DCEF5C /* Build configuration list for PBXNativeTarget "Gradient" */;
			buildPhases = (
				754F52492069A41900DCEF5C /* Sources */,
				754F524A2069A41900DCEF5C /* Frameworks */,
				754F524B2069A41900DCEF5C /* Resources */,
			);
			buildRules = (
			);
			dependencies = (
			);
			name = Gradient;
			productName = Gradient;
			productReference = 754F524D2069A41900DCEF5C /* Gradient.app */;
			productType = "com.apple.product-type.application";
		};
/* End PBXNativeTarget section */

/* Begin PBXProject section */
		754F52452069A41900DCEF5C /* Project object */ = {
			isa = PBXProject;
			attributes = {
				LastSwiftUpdateCheck = 0920;
				LastUpgradeCheck = 0920;
				ORGANIZATIONNAME = "Ivan Magda";
				TargetAttributes = {
					754F524C2069A41900DCEF5C = {
						CreatedOnToolsVersion = 9.2;
						ProvisioningStyle = Automatic;
					};
				};
			};
			buildConfigurationList = 754F52482069A41900DCEF5C /* Build configuration list for PBXProject "Gradient" */;
			compatibilityVersion = "Xcode 8.0";
			developmentRegion = en;
			hasScannedForEncodings = 0;
			knownRegions = (
				en,
				Base,
			);
			mainGroup = 754F52442069A41900DCEF5C;
			productRefGroup = 754F524E2069A41900DCEF5C /* Products */;
			projectDirPath = "";
			projectRoot = "";
			targets = (
				754F524C2069A41900DCEF5C /* Gradient */,
			);
		};
/* End PBXProject section */

/* Begin PBXResourcesBuildPhase section */
		754F524B2069A41900DCEF5C /* Resources */ = {
			isa = PBXResourcesBuildPhase;
			buildActionMask = 2147483647;
			files = (
				754F525B2069A41900DCEF5C /* LaunchScreen.storyboard in Resources */,
				754F52582069A41900DCEF5C /* Assets.xcassets in Resources */,
				754F52562069A41900DCEF5C /* Main.storyboard in Resources */,
			);
			runOnlyForDeploymentPostprocessing = 0;
		};
/* End PBXResourcesBuildPhase section */

/* Begin PBXSourcesBuildPhase section */
		754F52492069A41900DCEF5C /* Sources */ = {
			isa = PBXSourcesBuildPhase;
			buildActionMask = 2147483647;
			files = (
				754F52532069A41900DCEF5C /* ViewController.swift in Sources */,
				754F52632069A43700DCEF5C /* UIView+Gradient.swift in Sources */,
				754F52512069A41900DCEF5C /* AppDelegate.swift in Sources */,
			);
			runOnlyForDeploymentPostprocessing = 0;
		};
/* End PBXSourcesBuildPhase section */

/* Begin PBXVariantGroup section */
		754F52542069A41900DCEF5C /* Main.storyboard */ = {
			isa = PBXVariantGroup;
			children = (
				754F52552069A41900DCEF5C /* Base */,
			);
			name = Main.storyboard;
			sourceTree = "<group>";
		};
		754F52592069A41900DCEF5C /* LaunchScreen.storyboard */ = {
			isa = PBXVariantGroup;
			children = (
				754F525A2069A41900DCEF5C /* Base */,
			);
			name = LaunchScreen.storyboard;
			sourceTree = "<group>";
		};
/* End PBXVariantGroup section */

/* Begin XCBuildConfiguration section */
		754F525D2069A41900DCEF5C /* Debug */ = {
			isa = XCBuildConfiguration;
			buildSettings = {
				ALWAYS_SEARCH_USER_PATHS = NO;
				CLANG_ANALYZER_NONNULL = YES;
				CLANG_ANALYZER_NUMBER_OBJECT_CONVERSION = YES_AGGRESSIVE;
				CLANG_CXX_LANGUAGE_STANDARD = "gnu++14";
				CLANG_CXX_LIBRARY = "libc++";
				CLANG_ENABLE_MODULES = YES;
				CLANG_ENABLE_OBJC_ARC = YES;
				CLANG_WARN_BLOCK_CAPTURE_AUTORELEASING = YES;
				CLANG_WARN_BOOL_CONVERSION = YES;
				CLANG_WARN_COMMA = YES;
				CLANG_WARN_CONSTANT_CONVERSION = YES;
				CLANG_WARN_DIRECT_OBJC_ISA_USAGE = YES_ERROR;
				CLANG_WARN_DOCUMENTATION_COMMENTS = YES;
				CLANG_WARN_EMPTY_BODY = YES;
				CLANG_WARN_ENUM_CONVERSION = YES;
				CLANG_WARN_INFINITE_RECURSION = YES;
				CLANG_WARN_INT_CONVERSION = YES;
				CLANG_WARN_NON_LITERAL_NULL_CONVERSION = YES;
				CLANG_WARN_OBJC_LITERAL_CONVERSION = YES;
				CLANG_WARN_OBJC_ROOT_CLASS = YES_ERROR;
				CLANG_WARN_RANGE_LOOP_ANALYSIS = YES;
				CLANG_WARN_STRICT_PROTOTYPES = YES;
				CLANG_WARN_SUSPICIOUS_MOVE = YES;
				CLANG_WARN_UNGUARDED_AVAILABILITY = YES_AGGRESSIVE;
				CLANG_WARN_UNREACHABLE_CODE = YES;
				CLANG_WARN__DUPLICATE_METHOD_MATCH = YES;
				CODE_SIGN_IDENTITY = "iPhone Developer";
				COPY_PHASE_STRIP = NO;
				DEBUG_INFORMATION_FORMAT = dwarf;
				ENABLE_STRICT_OBJC_MSGSEND = YES;
				ENABLE_TESTABILITY = YES;
				GCC_C_LANGUAGE_STANDARD = gnu11;
				GCC_DYNAMIC_NO_PIC = NO;
				GCC_NO_COMMON_BLOCKS = YES;
				GCC_OPTIMIZATION_LEVEL = 0;
				GCC_PREPROCESSOR_DEFINITIONS = (
					"DEBUG=1",
					"$(inherited)",
				);
				GCC_WARN_64_TO_32_BIT_CONVERSION = YES;
				GCC_WARN_ABOUT_RETURN_TYPE = YES_ERROR;
				GCC_WARN_UNDECLARED_SELECTOR = YES;
				GCC_WARN_UNINITIALIZED_AUTOS = YES_AGGRESSIVE;
				GCC_WARN_UNUSED_FUNCTION = YES;
				GCC_WARN_UNUSED_VARIABLE = YES;
				IPHONEOS_DEPLOYMENT_TARGET = 11.2;
				MTL_ENABLE_DEBUG_INFO = YES;
				ONLY_ACTIVE_ARCH = YES;
				SDKROOT = iphoneos;
				SWIFT_ACTIVE_COMPILATION_CONDITIONS = DEBUG;
				SWIFT_OPTIMIZATION_LEVEL = "-Onone";
			};
			name = Debug;
		};
		754F525E2069A41900DCEF5C /* Release */ = {
			isa = XCBuildConfiguration;
			buildSettings = {
				ALWAYS_SEARCH_USER_PATHS = NO;
				CLANG_ANALYZER_NONNULL = YES;
				CLANG_ANALYZER_NUMBER_OBJECT_CONVERSION = YES_AGGRESSIVE;
				CLANG_CXX_LANGUAGE_STANDARD = "gnu++14";
				CLANG_CXX_LIBRARY = "libc++";
				CLANG_ENABLE_MODULES = YES;
				CLANG_ENABLE_OBJC_ARC = YES;
				CLANG_WARN_BLOCK_CAPTURE_AUTORELEASING = YES;
				CLANG_WARN_BOOL_CONVERSION = YES;
				CLANG_WARN_COMMA = YES;
				CLANG_WARN_CONSTANT_CONVERSION = YES;
				CLANG_WARN_DIRECT_OBJC_ISA_USAGE = YES_ERROR;
				CLANG_WARN_DOCUMENTATION_COMMENTS = YES;
				CLANG_WARN_EMPTY_BODY = YES;
				CLANG_WARN_ENUM_CONVERSION = YES;
				CLANG_WARN_INFINITE_RECURSION = YES;
				CLANG_WARN_INT_CONVERSION = YES;
				CLANG_WARN_NON_LITERAL_NULL_CONVERSION = YES;
				CLANG_WARN_OBJC_LITERAL_CONVERSION = YES;
				CLANG_WARN_OBJC_ROOT_CLASS = YES_ERROR;
				CLANG_WARN_RANGE_LOOP_ANALYSIS = YES;
				CLANG_WARN_STRICT_PROTOTYPES = YES;
				CLANG_WARN_SUSPICIOUS_MOVE = YES;
				CLANG_WARN_UNGUARDED_AVAILABILITY = YES_AGGRESSIVE;
				CLANG_WARN_UNREACHABLE_CODE = YES;
				CLANG_WARN__DUPLICATE_METHOD_MATCH = YES;
				CODE_SIGN_IDENTITY = "iPhone Developer";
				COPY_PHASE_STRIP = NO;
				DEBUG_INFORMATION_FORMAT = "dwarf-with-dsym";
				ENABLE_NS_ASSERTIONS = NO;
				ENABLE_STRICT_OBJC_MSGSEND = YES;
				GCC_C_LANGUAGE_STANDARD = gnu11;
				GCC_NO_COMMON_BLOCKS = YES;
				GCC_WARN_64_TO_32_BIT_CONVERSION = YES;
				GCC_WARN_ABOUT_RETURN_TYPE = YES_ERROR;
				GCC_WARN_UNDECLARED_SELECTOR = YES;
				GCC_WARN_UNINITIALIZED_AUTOS = YES_AGGRESSIVE;
				GCC_WARN_UNUSED_FUNCTION = YES;
				GCC_WARN_UNUSED_VARIABLE = YES;
				IPHONEOS_DEPLOYMENT_TARGET = 11.2;
				MTL_ENABLE_DEBUG_INFO = NO;
				SDKROOT = iphoneos;
				SWIFT_OPTIMIZATION_LEVEL = "-Owholemodule";
				VALIDATE_PRODUCT = YES;
			};
			name = Release;
		};
		754F52602069A41900DCEF5C /* Debug */ = {
			isa = XCBuildConfiguration;
			buildSettings = {
				ASSETCATALOG_COMPILER_APPICON_NAME = AppIcon;
				CODE_SIGN_STYLE = Automatic;
				DEVELOPMENT_TEAM = 6UNHY8UY6E;
				INFOPLIST_FILE = Gradient/Info.plist;
				LD_RUNPATH_SEARCH_PATHS = "$(inherited) @executable_path/Frameworks";
				PRODUCT_BUNDLE_IDENTIFIER = com.ivanmagda.Gradient;
				PRODUCT_NAME = "$(TARGET_NAME)";
				SWIFT_VERSION = 4.0;
				TARGETED_DEVICE_FAMILY = "1,2";
			};
			name = Debug;
		};
		754F52612069A41900DCEF5C /* Release */ = {
			isa = XCBuildConfiguration;
			buildSettings = {
				ASSETCATALOG_COMPILER_APPICON_NAME = AppIcon;
				CODE_SIGN_STYLE = Automatic;
				DEVELOPMENT_TEAM = 6UNHY8UY6E;
				INFOPLIST_FILE = Gradient/Info.plist;
				LD_RUNPATH_SEARCH_PATHS = "$(inherited) @executable_path/Frameworks";
				PRODUCT_BUNDLE_IDENTIFIER = com.ivanmagda.Gradient;
				PRODUCT_NAME = "$(TARGET_NAME)";
				SWIFT_VERSION = 4.0;
				TARGETED_DEVICE_FAMILY = "1,2";
			};
			name = Release;
		};
/* End XCBuildConfiguration section */

/* Begin XCConfigurationList section */
		754F52482069A41900DCEF5C /* Build configuration list for PBXProject "Gradient" */ = {
			isa = XCConfigurationList;
			buildConfigurations = (
				754F525D2069A41900DCEF5C /* Debug */,
				754F525E2069A41900DCEF5C /* Release */,
			);
			defaultConfigurationIsVisible = 0;
			defaultConfigurationName = Release;
		};
		754F525F2069A41900DCEF5C /* Build configuration list for PBXNativeTarget "Gradient" */ = {
			isa = XCConfigurationList;
			buildConfigurations = (
				754F52602069A41900DCEF5C /* Debug */,
				754F52612069A41900DCEF5C /* Release */,
			);
			defaultConfigurationIsVisible = 0;
			defaultConfigurationName = Release;
		};
/* End XCConfigurationList section */
	};
	rootObject = 754F52452069A41900DCEF5C /* Project object */;
}
