// !$*UTF8*$!
{
	archiveVersion = 1;
	classes = {
	};
	objectVersion = 48;
	objects = {

/* Begin PBXBuildFile section */
		758D62211FDD832D00477415 /* AppDelegate.swift in Sources */ = {isa = PBXBuildFile; fileRef = 758D62201FDD832D00477415 /* AppDelegate.swift */; };
		758D62231FDD832D00477415 /* ViewController.swift in Sources */ = {isa = PBXBuildFile; fileRef = 758D62221FDD832D00477415 /* ViewController.swift */; };
		758D62261FDD832D00477415 /* Main.storyboard in Resources */ = {isa = PBXBuildFile; fileRef = 758D62241FDD832D00477415 /* Main.storyboard */; };
		758D62281FDD832D00477415 /* Assets.xcassets in Resources */ = {isa = PBXBuildFile; fileRef = 758D62271FDD832D00477415 /* Assets.xcassets */; };
		758D622B1FDD832D00477415 /* LaunchScreen.storyboard in Resources */ = {isa = PBXBuildFile; fileRef = 758D62291FDD832D00477415 /* LaunchScreen.storyboard */; };
		758D623E1FDD8C9900477415 /* UIColor+Palette.swift in Sources */ = {isa = PBXBuildFile; fileRef = 758D623D1FDD8C9900477415 /* UIColor+Palette.swift */; };
		75B87F371FDEEE5500CD8062 /* GCD.swift in Sources */ = {isa = PBXBuildFile; fileRef = 75B87F361FDEEE5500CD8062 /* GCD.swift */; };
/* End PBXBuildFile section */

/* Begin PBXFileReference section */
		758D621D1FDD832D00477415 /* ActivityIndicator.app */ = {isa = PBXFileReference; explicitFileType = wrapper.application; includeInIndex = 0; path = ActivityIndicator.app; sourceTree = BUILT_PRODUCTS_DIR; };
		758D62201FDD832D00477415 /* AppDelegate.swift */ = {isa = PBXFileReference; lastKnownFileType = sourcecode.swift; path = AppDelegate.swift; sourceTree = "<group>"; };
		758D62221FDD832D00477415 /* ViewController.swift */ = {isa = PBXFileReference; lastKnownFileType = sourcecode.swift; path = ViewController.swift; sourceTree = "<group>"; };
		758D62251FDD832D00477415 /* Base */ = {isa = PBXFileReference; lastKnownFileType = file.storyboard; name = Base; path = Base.lproj/Main.storyboard; sourceTree = "<group>"; };
		758D62271FDD832D00477415 /* Assets.xcassets */ = {isa = PBXFileReference; lastKnownFileType = folder.assetcatalog; path = Assets.xcassets; sourceTree = "<group>"; };
		758D622A1FDD832D00477415 /* Base */ = {isa = PBXFileReference; lastKnownFileType = file.storyboard; name = Base; path = Base.lproj/LaunchScreen.storyboard; sourceTree = "<group>"; };
		758D622C1FDD832D00477415 /* Info.plist */ = {isa = PBXFileReference; lastKnownFileType = text.plist.xml; path = Info.plist; sourceTree = "<group>"; };
		758D623D1FDD8C9900477415 /* UIColor+Palette.swift */ = {isa = PBXFileReference; lastKnownFileType = sourcecode.swift; path = "UIColor+Palette.swift"; sourceTree = "<group>"; };
		75B87F361FDEEE5500CD8062 /* GCD.swift */ = {isa = PBXFileReference; lastKnownFileType = sourcecode.swift; path = GCD.swift; sourceTree = "<group>"; };
/* End PBXFileReference section */

/* Begin PBXFrameworksBuildPhase section */
		758D621A1FDD832D00477415 /* Frameworks */ = {
			isa = PBXFrameworksBuildPhase;
			buildActionMask = 2147483647;
			files = (
			);
			runOnlyForDeploymentPostprocessing = 0;
		};
/* End PBXFrameworksBuildPhase section */

/* Begin PBXGroup section */
		758D62141FDD832D00477415 = {
			isa = PBXGroup;
			children = (
				758D621F1FDD832D00477415 /* ActivityIndicator */,
				758D621E1FDD832D00477415 /* Products */,
			);
			sourceTree = "<group>";
		};
		758D621E1FDD832D00477415 /* Products */ = {
			isa = PBXGroup;
			children = (
				758D621D1FDD832D00477415 /* ActivityIndicator.app */,
			);
			name = Products;
			sourceTree = "<group>";
		};
		758D621F1FDD832D00477415 /* ActivityIndicator */ = {
			isa = PBXGroup;
			children = (
				758D62331FDD836100477415 /* Resources */,
				758D62321FDD835B00477415 /* Sources */,
			);
			path = ActivityIndicator;
			sourceTree = "<group>";
		};
		758D62321FDD835B00477415 /* Sources */ = {
			isa = PBXGroup;
			children = (
				758D62201FDD832D00477415 /* AppDelegate.swift */,
				758D62341FDD837700477415 /* ViewControllers */,
				758D62371FDD8AF500477415 /* Common */,
			);
			path = Sources;
			sourceTree = "<group>";
		};
		758D62331FDD836100477415 /* Resources */ = {
			isa = PBXGroup;
			children = (
				758D62361FDD83A100477415 /* Config */,
				758D62351FDD838A00477415 /* Assets */,
			);
			path = Resources;
			sourceTree = "<group>";
		};
		758D62341FDD837700477415 /* ViewControllers */ = {
			isa = PBXGroup;
			children = (
				758D62221FDD832D00477415 /* ViewController.swift */,
			);
			path = ViewControllers;
			sourceTree = "<group>";
		};
		758D62351FDD838A00477415 /* Assets */ = {
			isa = PBXGroup;
			children = (
				758D62241FDD832D00477415 /* Main.storyboard */,
				758D62271FDD832D00477415 /* Assets.xcassets */,
				758D62291FDD832D00477415 /* LaunchScreen.storyboard */,
			);
			path = Assets;
			sourceTree = "<group>";
		};
		758D62361FDD83A100477415 /* Config */ = {
			isa = PBXGroup;
			children = (
				758D622C1FDD832D00477415 /* Info.plist */,
			);
			path = Config;
			sourceTree = "<group>";
		};
		758D62371FDD8AF500477415 /* Common */ = {
			isa = PBXGroup;
			children = (
				758D62381FDD8B0000477415 /* Extensions */,
				75B87F361FDEEE5500CD8062 /* GCD.swift */,
			);
			path = Common;
			sourceTree = "<group>";
		};
		758D62381FDD8B0000477415 /* Extensions */ = {
			isa = PBXGroup;
			children = (
				758D62391FDD8B0A00477415 /* UIKit */,
			);
			path = Extensions;
			sourceTree = "<group>";
		};
		758D62391FDD8B0A00477415 /* UIKit */ = {
			isa = PBXGroup;
			children = (
				758D623A1FDD8B6C00477415 /* UIColor */,
			);
			path = UIKit;
			sourceTree = "<group>";
		};
		758D623A1FDD8B6C00477415 /* UIColor */ = {
			isa = PBXGroup;
			children = (
				758D623D1FDD8C9900477415 /* UIColor+Palette.swift */,
			);
			path = UIColor;
			sourceTree = "<group>";
		};
/* End PBXGroup section */

/* Begin PBXNativeTarget section */
		758D621C1FDD832D00477415 /* ActivityIndicator */ = {
			isa = PBXNativeTarget;
			buildConfigurationList = 758D622F1FDD832D00477415 /* Build configuration list for PBXNativeTarget "ActivityIndicator" */;
			buildPhases = (
				758D62191FDD832D00477415 /* Sources */,
				758D621A1FDD832D00477415 /* Frameworks */,
				758D621B1FDD832D00477415 /* Resources */,
			);
			buildRules = (
			);
			dependencies = (
			);
			name = ActivityIndicator;
			productName = ActivityIndicator;
			productReference = 758D621D1FDD832D00477415 /* ActivityIndicator.app */;
			productType = "com.apple.product-type.application";
		};
/* End PBXNativeTarget section */

/* Begin PBXProject section */
		758D62151FDD832D00477415 /* Project object */ = {
			isa = PBXProject;
			attributes = {
				LastSwiftUpdateCheck = 0920;
				LastUpgradeCheck = 0920;
				ORGANIZATIONNAME = "Ivan Magda";
				TargetAttributes = {
					758D621C1FDD832D00477415 = {
						CreatedOnToolsVersion = 9.2;
						ProvisioningStyle = Automatic;
					};
				};
			};
			buildConfigurationList = 758D62181FDD832D00477415 /* Build configuration list for PBXProject "ActivityIndicator" */;
			compatibilityVersion = "Xcode 8.0";
			developmentRegion = en;
			hasScannedForEncodings = 0;
			knownRegions = (
				en,
				Base,
			);
			mainGroup = 758D62141FDD832D00477415;
			productRefGroup = 758D621E1FDD832D00477415 /* Products */;
			projectDirPath = "";
			projectRoot = "";
			targets = (
				758D621C1FDD832D00477415 /* ActivityIndicator */,
			);
		};
/* End PBXProject section */

/* Begin PBXResourcesBuildPhase section */
		758D621B1FDD832D00477415 /* Resources */ = {
			isa = PBXResourcesBuildPhase;
			buildActionMask = 2147483647;
			files = (
				758D622B1FDD832D00477415 /* LaunchScreen.storyboard in Resources */,
				758D62281FDD832D00477415 /* Assets.xcassets in Resources */,
				758D62261FDD832D00477415 /* Main.storyboard in Resources */,
			);
			runOnlyForDeploymentPostprocessing = 0;
		};
/* End PBXResourcesBuildPhase section */

/* Begin PBXSourcesBuildPhase section */
		758D62191FDD832D00477415 /* Sources */ = {
			isa = PBXSourcesBuildPhase;
			buildActionMask = 2147483647;
			files = (
				758D62231FDD832D00477415 /* ViewController.swift in Sources */,
				758D623E1FDD8C9900477415 /* UIColor+Palette.swift in Sources */,
				75B87F371FDEEE5500CD8062 /* GCD.swift in Sources */,
				758D62211FDD832D00477415 /* AppDelegate.swift in Sources */,
			);
			runOnlyForDeploymentPostprocessing = 0;
		};
/* End PBXSourcesBuildPhase section */

/* Begin PBXVariantGroup section */
		758D62241FDD832D00477415 /* Main.storyboard */ = {
			isa = PBXVariantGroup;
			children = (
				758D62251FDD832D00477415 /* Base */,
			);
			name = Main.storyboard;
			sourceTree = "<group>";
		};
		758D62291FDD832D00477415 /* LaunchScreen.storyboard */ = {
			isa = PBXVariantGroup;
			children = (
				758D622A1FDD832D00477415 /* Base */,
			);
			name = LaunchScreen.storyboard;
			sourceTree = "<group>";
		};
/* End PBXVariantGroup section */

/* Begin XCBuildConfiguration section */
		758D622D1FDD832D00477415 /* Debug */ = {
			isa = XCBuildConfiguration;
			buildSettings = {
				ALWAYS_SEARCH_USER_PATHS = NO;
				CLANG_ANALYZER_NONNULL = YES;
				CLANG_ANALYZER_NUMBER_OBJECT_CONVERSION = YES_AGGRESSIVE;
				CLANG_CXX_LANGUAGE_STANDARD = "gnu++14";
				CLANG_CXX_LIBRARY = "libc++";
				CLANG_ENABLE_MODULES = YES;
				CLANG_ENABLE_OBJC_ARC = YES;
				CLANG_WARN_BLOCK_CAPTURE_AUTORELEASING = YES;
				CLANG_WARN_BOOL_CONVERSION = YES;
				CLANG_WARN_COMMA = YES;
				CLANG_WARN_CONSTANT_CONVERSION = YES;
				CLANG_WARN_DIRECT_OBJC_ISA_USAGE = YES_ERROR;
				CLANG_WARN_DOCUMENTATION_COMMENTS = YES;
				CLANG_WARN_EMPTY_BODY = YES;
				CLANG_WARN_ENUM_CONVERSION = YES;
				CLANG_WARN_INFINITE_RECURSION = YES;
				CLANG_WARN_INT_CONVERSION = YES;
				CLANG_WARN_NON_LITERAL_NULL_CONVERSION = YES;
				CLANG_WARN_OBJC_LITERAL_CONVERSION = YES;
				CLANG_WARN_OBJC_ROOT_CLASS = YES_ERROR;
				CLANG_WARN_RANGE_LOOP_ANALYSIS = YES;
				CLANG_WARN_STRICT_PROTOTYPES = YES;
				CLANG_WARN_SUSPICIOUS_MOVE = YES;
				CLANG_WARN_UNGUARDED_AVAILABILITY = YES_AGGRESSIVE;
				CLANG_WARN_UNREACHABLE_CODE = YES;
				CLANG_WARN__DUPLICATE_METHOD_MATCH = YES;
				CODE_SIGN_IDENTITY = "iPhone Developer";
				COPY_PHASE_STRIP = NO;
				DEBUG_INFORMATION_FORMAT = dwarf;
				ENABLE_STRICT_OBJC_MSGSEND = YES;
				ENABLE_TESTABILITY = YES;
				GCC_C_LANGUAGE_STANDARD = gnu11;
				GCC_DYNAMIC_NO_PIC = NO;
				GCC_NO_COMMON_BLOCKS = YES;
				GCC_OPTIMIZATION_LEVEL = 0;
				GCC_PREPROCESSOR_DEFINITIONS = (
					"DEBUG=1",
					"$(inherited)",
				);
				GCC_WARN_64_TO_32_BIT_CONVERSION = YES;
				GCC_WARN_ABOUT_RETURN_TYPE = YES_ERROR;
				GCC_WARN_UNDECLARED_SELECTOR = YES;
				GCC_WARN_UNINITIALIZED_AUTOS = YES_AGGRESSIVE;
				GCC_WARN_UNUSED_FUNCTION = YES;
				GCC_WARN_UNUSED_VARIABLE = YES;
				IPHONEOS_DEPLOYMENT_TARGET = 11.2;
				MTL_ENABLE_DEBUG_INFO = YES;
				ONLY_ACTIVE_ARCH = YES;
				SDKROOT = iphoneos;
				SWIFT_ACTIVE_COMPILATION_CONDITIONS = DEBUG;
				SWIFT_OPTIMIZATION_LEVEL = "-Onone";
			};
			name = Debug;
		};
		758D622E1FDD832D00477415 /* Release */ = {
			isa = XCBuildConfiguration;
			buildSettings = {
				ALWAYS_SEARCH_USER_PATHS = NO;
				CLANG_ANALYZER_NONNULL = YES;
				CLANG_ANALYZER_NUMBER_OBJECT_CONVERSION = YES_AGGRESSIVE;
				CLANG_CXX_LANGUAGE_STANDARD = "gnu++14";
				CLANG_CXX_LIBRARY = "libc++";
				CLANG_ENABLE_MODULES = YES;
				CLANG_ENABLE_OBJC_ARC = YES;
				CLANG_WARN_BLOCK_CAPTURE_AUTORELEASING = YES;
				CLANG_WARN_BOOL_CONVERSION = YES;
				CLANG_WARN_COMMA = YES;
				CLANG_WARN_CONSTANT_CONVERSION = YES;
				CLANG_WARN_DIRECT_OBJC_ISA_USAGE = YES_ERROR;
				CLANG_WARN_DOCUMENTATION_COMMENTS = YES;
				CLANG_WARN_EMPTY_BODY = YES;
				CLANG_WARN_ENUM_CONVERSION = YES;
				CLANG_WARN_INFINITE_RECURSION = YES;
				CLANG_WARN_INT_CONVERSION = YES;
				CLANG_WARN_NON_LITERAL_NULL_CONVERSION = YES;
				CLANG_WARN_OBJC_LITERAL_CONVERSION = YES;
				CLANG_WARN_OBJC_ROOT_CLASS = YES_ERROR;
				CLANG_WARN_RANGE_LOOP_ANALYSIS = YES;
				CLANG_WARN_STRICT_PROTOTYPES = YES;
				CLANG_WARN_SUSPICIOUS_MOVE = YES;
				CLANG_WARN_UNGUARDED_AVAILABILITY = YES_AGGRESSIVE;
				CLANG_WARN_UNREACHABLE_CODE = YES;
				CLANG_WARN__DUPLICATE_METHOD_MATCH = YES;
				CODE_SIGN_IDENTITY = "iPhone Developer";
				COPY_PHASE_STRIP = NO;
				DEBUG_INFORMATION_FORMAT = "dwarf-with-dsym";
				ENABLE_NS_ASSERTIONS = NO;
				ENABLE_STRICT_OBJC_MSGSEND = YES;
				GCC_C_LANGUAGE_STANDARD = gnu11;
				GCC_NO_COMMON_BLOCKS = YES;
				GCC_WARN_64_TO_32_BIT_CONVERSION = YES;
				GCC_WARN_ABOUT_RETURN_TYPE = YES_ERROR;
				GCC_WARN_UNDECLARED_SELECTOR = YES;
				GCC_WARN_UNINITIALIZED_AUTOS = YES_AGGRESSIVE;
				GCC_WARN_UNUSED_FUNCTION = YES;
				GCC_WARN_UNUSED_VARIABLE = YES;
				IPHONEOS_DEPLOYMENT_TARGET = 11.2;
				MTL_ENABLE_DEBUG_INFO = NO;
				SDKROOT = iphoneos;
				SWIFT_OPTIMIZATION_LEVEL = "-Owholemodule";
				VALIDATE_PRODUCT = YES;
			};
			name = Release;
		};
		758D62301FDD832D00477415 /* Debug */ = {
			isa = XCBuildConfiguration;
			buildSettings = {
				ASSETCATALOG_COMPILER_APPICON_NAME = AppIcon;
				CODE_SIGN_STYLE = Automatic;
				DEVELOPMENT_TEAM = 6UNHY8UY6E;
				INFOPLIST_FILE = "$(SRCROOT)/ActivityIndicator/Resources/Config/Info.plist";
				IPHONEOS_DEPLOYMENT_TARGET = 9.0;
				LD_RUNPATH_SEARCH_PATHS = "$(inherited) @executable_path/Frameworks";
				PRODUCT_BUNDLE_IDENTIFIER = com.ivanmagda.ActivityIndicator;
				PRODUCT_NAME = "$(TARGET_NAME)";
				SWIFT_VERSION = 4.0;
				TARGETED_DEVICE_FAMILY = "1,2";
			};
			name = Debug;
		};
		758D62311FDD832D00477415 /* Release */ = {
			isa = XCBuildConfiguration;
			buildSettings = {
				ASSETCATALOG_COMPILER_APPICON_NAME = AppIcon;
				CODE_SIGN_STYLE = Automatic;
				DEVELOPMENT_TEAM = 6UNHY8UY6E;
				INFOPLIST_FILE = "$(SRCROOT)/ActivityIndicator/Resources/Config/Info.plist";
				IPHONEOS_DEPLOYMENT_TARGET = 9.0;
				LD_RUNPATH_SEARCH_PATHS = "$(inherited) @executable_path/Frameworks";
				PRODUCT_BUNDLE_IDENTIFIER = com.ivanmagda.ActivityIndicator;
				PRODUCT_NAME = "$(TARGET_NAME)";
				SWIFT_VERSION = 4.0;
				TARGETED_DEVICE_FAMILY = "1,2";
			};
			name = Release;
		};
/* End XCBuildConfiguration section */

/* Begin XCConfigurationList section */
		758D62181FDD832D00477415 /* Build configuration list for PBXProject "ActivityIndicator" */ = {
			isa = XCConfigurationList;
			buildConfigurations = (
				758D622D1FDD832D00477415 /* Debug */,
				758D622E1FDD832D00477415 /* Release */,
			);
			defaultConfigurationIsVisible = 0;
			defaultConfigurationName = Release;
		};
		758D622F1FDD832D00477415 /* Build configuration list for PBXNativeTarget "ActivityIndicator" */ = {
			isa = XCConfigurationList;
			buildConfigurations = (
				758D62301FDD832D00477415 /* Debug */,
				758D62311FDD832D00477415 /* Release */,
			);
			defaultConfigurationIsVisible = 0;
			defaultConfigurationName = Release;
		};
/* End XCConfigurationList section */
	};
	rootObject = 758D62151FDD832D00477415 /* Project object */;
}
